
Microsoft Visual Studio Solution File, Format Version 12.00
# Visual Studio 2013
VisualStudioVersion = 12.0.40629.0
MinimumVisualStudioVersion = 10.0.40219.1
Project("{FAE04EC0-301F-11D3-BF4B-00C04F79EFBC}") = "SycaTracker", "SycaTracker.csproj", "{847A754C-2337-4DBE-A91C-7D1633414C05}"
EndProject
Project("{FAE04EC0-301F-11D3-BF4B-00C04F79EFBC}") = "GeoTimer.Tasks", "..\GeoTimer.Tasks\GeoTimer.Tasks.csproj", "{02220A7F-299F-432F-AB69-F81B5AC5A394}"
EndProject
Project("{FAE04EC0-301F-11D3-BF4B-00C04F79EFBC}") = "GeoLocationRepository", "GeoLocationRepository\GeoLocationRepository.csproj", "{C848E406-F639-452B-A0B0-3B84AC10C2C1}"
EndProject
Project("{FAE04EC0-301F-11D3-BF4B-00C04F79EFBC}") = "SycaBackgroundTask", "SycaBackgroundTask\SycaBackgroundTask.csproj", "{B8D54C35-0070-4536-9B67-3B70C7B94750}"
EndProject
Global
	GlobalSection(SolutionConfigurationPlatforms) = preSolution
		Debug|Any CPU = Debug|Any CPU
		Debug|ARM = Debug|ARM
		Debug|x86 = Debug|x86
		Release|Any CPU = Release|Any CPU
		Release|ARM = Release|ARM
		Release|x86 = Release|x86
	EndGlobalSection
	GlobalSection(ProjectConfigurationPlatforms) = postSolution
		{847A754C-2337-4DBE-A91C-7D1633414C05}.Debug|Any CPU.ActiveCfg = Debug|Any CPU
		{847A754C-2337-4DBE-A91C-7D1633414C05}.Debug|Any CPU.Build.0 = Debug|Any CPU
		{847A754C-2337-4DBE-A91C-7D1633414C05}.Debug|Any CPU.Deploy.0 = Debug|Any CPU
		{847A754C-2337-4DBE-A91C-7D1633414C05}.Debug|ARM.ActiveCfg = Debug|ARM
		{847A754C-2337-4DBE-A91C-7D1633414C05}.Debug|ARM.Build.0 = Debug|ARM
		{847A754C-2337-4DBE-A91C-7D1633414C05}.Debug|ARM.Deploy.0 = Debug|ARM
		{847A754C-2337-4DBE-A91C-7D1633414C05}.Debug|x86.ActiveCfg = Debug|Any CPU
		{847A754C-2337-4DBE-A91C-7D1633414C05}.Debug|x86.Build.0 = Debug|Any CPU
		{847A754C-2337-4DBE-A91C-7D1633414C05}.Debug|x86.Deploy.0 = Debug|Any CPU
		{847A754C-2337-4DBE-A91C-7D1633414C05}.Release|Any CPU.ActiveCfg = Release|Any CPU
		{847A754C-2337-4DBE-A91C-7D1633414C05}.Release|Any CPU.Build.0 = Release|Any CPU
		{847A754C-2337-4DBE-A91C-7D1633414C05}.Release|Any CPU.Deploy.0 = Release|Any CPU
		{847A754C-2337-4DBE-A91C-7D1633414C05}.Release|ARM.ActiveCfg = Release|ARM
		{847A754C-2337-4DBE-A91C-7D1633414C05}.Release|ARM.Build.0 = Release|ARM
		{847A754C-2337-4DBE-A91C-7D1633414C05}.Release|ARM.Deploy.0 = Release|ARM
		{847A754C-2337-4DBE-A91C-7D1633414C05}.Release|x86.ActiveCfg = Release|x86
		{847A754C-2337-4DBE-A91C-7D1633414C05}.Release|x86.Build.0 = Release|x86
		{847A754C-2337-4DBE-A91C-7D1633414C05}.Release|x86.Deploy.0 = Release|x86
		{02220A7F-299F-432F-AB69-F81B5AC5A394}.Debug|Any CPU.ActiveCfg = Debug|Any CPU
		{02220A7F-299F-432F-AB69-F81B5AC5A394}.Debug|Any CPU.Build.0 = Debug|Any CPU
		{02220A7F-299F-432F-AB69-F81B5AC5A394}.Debug|ARM.ActiveCfg = Debug|Any CPU
		{02220A7F-299F-432F-AB69-F81B5AC5A394}.Debug|x86.ActiveCfg = Debug|Any CPU
		{02220A7F-299F-432F-AB69-F81B5AC5A394}.Release|Any CPU.ActiveCfg = Release|Any CPU
		{02220A7F-299F-432F-AB69-F81B5AC5A394}.Release|Any CPU.Build.0 = Release|Any CPU
		{02220A7F-299F-432F-AB69-F81B5AC5A394}.Release|ARM.ActiveCfg = Release|Any CPU
		{02220A7F-299F-432F-AB69-F81B5AC5A394}.Release|x86.ActiveCfg = Release|Any CPU
		{C848E406-F639-452B-A0B0-3B84AC10C2C1}.Debug|Any CPU.ActiveCfg = Debug|x86
		{C848E406-F639-452B-A0B0-3B84AC10C2C1}.Debug|Any CPU.Build.0 = Debug|x86
		{C848E406-F639-452B-A0B0-3B84AC10C2C1}.Debug|ARM.ActiveCfg = Debug|ARM
		{C848E406-F639-452B-A0B0-3B84AC10C2C1}.Debug|ARM.Build.0 = Debug|ARM
		{C848E406-F639-452B-A0B0-3B84AC10C2C1}.Debug|x86.ActiveCfg = Debug|Any CPU
		{C848E406-F639-452B-A0B0-3B84AC10C2C1}.Debug|x86.Build.0 = Debug|Any CPU
		{C848E406-F639-452B-A0B0-3B84AC10C2C1}.Release|Any CPU.ActiveCfg = Release|Any CPU
		{C848E406-F639-452B-A0B0-3B84AC10C2C1}.Release|Any CPU.Build.0 = Release|Any CPU
		{C848E406-F639-452B-A0B0-3B84AC10C2C1}.Release|ARM.ActiveCfg = Release|ARM
		{C848E406-F639-452B-A0B0-3B84AC10C2C1}.Release|ARM.Build.0 = Release|ARM
		{C848E406-F639-452B-A0B0-3B84AC10C2C1}.Release|x86.ActiveCfg = Release|x86
		{C848E406-F639-452B-A0B0-3B84AC10C2C1}.Release|x86.Build.0 = Release|x86
		{B8D54C35-0070-4536-9B67-3B70C7B94750}.Debug|Any CPU.ActiveCfg = Debug|Any CPU
		{B8D54C35-0070-4536-9B67-3B70C7B94750}.Debug|Any CPU.Build.0 = Debug|Any CPU
		{B8D54C35-0070-4536-9B67-3B70C7B94750}.Debug|ARM.ActiveCfg = Debug|ARM
		{B8D54C35-0070-4536-9B67-3B70C7B94750}.Debug|ARM.Build.0 = Debug|ARM
		{B8D54C35-0070-4536-9B67-3B70C7B94750}.Debug|x86.ActiveCfg = Debug|Any CPU
		{B8D54C35-0070-4536-9B67-3B70C7B94750}.Debug|x86.Build.0 = Debug|Any CPU
		{B8D54C35-0070-4536-9B67-3B70C7B94750}.Release|Any CPU.ActiveCfg = Release|Any CPU
		{B8D54C35-0070-4536-9B67-3B70C7B94750}.Release|Any CPU.Build.0 = Release|Any CPU
		{B8D54C35-0070-4536-9B67-3B70C7B94750}.Release|ARM.ActiveCfg = Release|ARM
		{B8D54C35-0070-4536-9B67-3B70C7B94750}.Release|ARM.Build.0 = Release|ARM
		{B8D54C35-0070-4536-9B67-3B70C7B94750}.Release|x86.ActiveCfg = Release|x86
		{B8D54C35-0070-4536-9B67-3B70C7B94750}.Release|x86.Build.0 = Release|x86
	EndGlobalSection
	GlobalSection(SolutionProperties) = preSolution
		HideSolutionNode = FALSE
	EndGlobalSection
EndGlobal
